
Microsoft Visual Studio Solution File, Format Version 12.00
# Visual Studio 14
VisualStudioVersion = 14.0.25420.1
MinimumVisualStudioVersion = 10.0.40219.1
Project("{FAE04EC0-301F-11D3-BF4B-00C04F79EFBC}") = "DddInPractice.Logic", "DddInPractice.Logic\DddInPractice.Logic.csproj", "{E3E22A14-4684-4760-B893-9092E9D75C0C}"
EndProject
Project("{FAE04EC0-301F-11D3-BF4B-00C04F79EFBC}") = "DddInPractice.Tests", "DddInPractice.Tests\DddInPractice.Tests.csproj", "{D15EFC0A-85F0-4C4B-88ED-9FA51837A466}"
EndProject
Project("{FAE04EC0-301F-11D3-BF4B-00C04F79EFBC}") = "DddInPractice.UI", "DddInPractice.UI\DddInPractice.UI.csproj", "{0FB69906-ABE1-4CCC-86F1-AEF52D02114F}"
EndProject
Global
	GlobalSection(SolutionConfigurationPlatforms) = preSolution
		Debug|Any CPU = Debug|Any CPU
		Release|Any CPU = Release|Any CPU
	EndGlobalSection
	GlobalSection(ProjectConfigurationPlatforms) = postSolution
		{E3E22A14-4684-4760-B893-9092E9D75C0C}.Debug|Any CPU.ActiveCfg = Debug|Any CPU
		{E3E22A14-4684-4760-B893-9092E9D75C0C}.Debug|Any CPU.Build.0 = Debug|Any CPU
		{E3E22A14-4684-4760-B893-9092E9D75C0C}.Release|Any CPU.ActiveCfg = Release|Any CPU
		{E3E22A14-4684-4760-B893-9092E9D75C0C}.Release|Any CPU.Build.0 = Release|Any CPU
		{D15EFC0A-85F0-4C4B-88ED-9FA51837A466}.Debug|Any CPU.ActiveCfg = Debug|Any CPU
		{D15EFC0A-85F0-4C4B-88ED-9FA51837A466}.Debug|Any CPU.Build.0 = Debug|Any CPU
		{D15EFC0A-85F0-4C4B-88ED-9FA51837A466}.Release|Any CPU.ActiveCfg = Release|Any CPU
		{D15EFC0A-85F0-4C4B-88ED-9FA51837A466}.Release|Any CPU.Build.0 = Release|Any CPU
		{0FB69906-ABE1-4CCC-86F1-AEF52D02114F}.Debug|Any CPU.ActiveCfg = Debug|Any CPU
		{0FB69906-ABE1-4CCC-86F1-AEF52D02114F}.Debug|Any CPU.Build.0 = Debug|Any CPU
		{0FB69906-ABE1-4CCC-86F1-AEF52D02114F}.Release|Any CPU.ActiveCfg = Release|Any CPU
		{0FB69906-ABE1-4CCC-86F1-AEF52D02114F}.Release|Any CPU.Build.0 = Release|Any CPU
	EndGlobalSection
	GlobalSection(SolutionProperties) = preSolution
		HideSolutionNode = FALSE
	EndGlobalSection
EndGlobal
